
Microsoft Visual Studio Solution File, Format Version 12.00
# Visual Studio Version 16
VisualStudioVersion = 16.0.30717.126
MinimumVisualStudioVersion = 10.0.40219.1
Project("{FAE04EC0-301F-11D3-BF4B-00C04F79EFBC}") = "InformationRetrievalManager", "InformationRetrievalManager\InformationRetrievalManager.csproj", "{4909ECE6-5323-45BE-BC87-F28DE5DA8FA1}"
EndProject
Project("{FAE04EC0-301F-11D3-BF4B-00C04F79EFBC}") = "InformationRetrievalManager.Crawler", "InformationRetrievalManager.Crawler\InformationRetrievalManager.Crawler.csproj", "{966F566C-6691-4E1A-A2A0-5567EA2E70CD}"
EndProject
Project("{FAE04EC0-301F-11D3-BF4B-00C04F79EFBC}") = "InformationRetrievalManager.Core", "InformationRetrievalManager.Core\InformationRetrievalManager.Core.csproj", "{E889FEED-0484-4106-950B-E25C62C50E60}"
EndProject
Global
	GlobalSection(SolutionConfigurationPlatforms) = preSolution
		Debug|Any CPU = Debug|Any CPU
		Release|Any CPU = Release|Any CPU
	EndGlobalSection
	GlobalSection(ProjectConfigurationPlatforms) = postSolution
		{4909ECE6-5323-45BE-BC87-F28DE5DA8FA1}.Debug|Any CPU.ActiveCfg = Debug|Any CPU
		{4909ECE6-5323-45BE-BC87-F28DE5DA8FA1}.Debug|Any CPU.Build.0 = Debug|Any CPU
		{4909ECE6-5323-45BE-BC87-F28DE5DA8FA1}.Release|Any CPU.ActiveCfg = Release|Any CPU
		{4909ECE6-5323-45BE-BC87-F28DE5DA8FA1}.Release|Any CPU.Build.0 = Release|Any CPU
		{966F566C-6691-4E1A-A2A0-5567EA2E70CD}.Debug|Any CPU.ActiveCfg = Debug|Any CPU
		{966F566C-6691-4E1A-A2A0-5567EA2E70CD}.Debug|Any CPU.Build.0 = Debug|Any CPU
		{966F566C-6691-4E1A-A2A0-5567EA2E70CD}.Release|Any CPU.ActiveCfg = Release|Any CPU
		{966F566C-6691-4E1A-A2A0-5567EA2E70CD}.Release|Any CPU.Build.0 = Release|Any CPU
		{E889FEED-0484-4106-950B-E25C62C50E60}.Debug|Any CPU.ActiveCfg = Debug|Any CPU
		{E889FEED-0484-4106-950B-E25C62C50E60}.Debug|Any CPU.Build.0 = Debug|Any CPU
		{E889FEED-0484-4106-950B-E25C62C50E60}.Release|Any CPU.ActiveCfg = Release|Any CPU
		{E889FEED-0484-4106-950B-E25C62C50E60}.Release|Any CPU.Build.0 = Release|Any CPU
	EndGlobalSection
	GlobalSection(SolutionProperties) = preSolution
		HideSolutionNode = FALSE
	EndGlobalSection
	GlobalSection(ExtensibilityGlobals) = postSolution
		SolutionGuid = {26DFC6FE-CCFA-487E-A6CC-F6990405D6F6}
	EndGlobalSection
EndGlobal
